# THIS IS AN AUTOGENERATED FILE. DO NOT EDIT THIS FILE DIRECTLY.
# yarn lockfile v1


body-to-query@^1.0.0:
  version "1.1.0"
  resolved "https://registry.yarnpkg.com/body-to-query/-/body-to-query-1.1.0.tgz#1f3b311dedc3d09a32393a3120d545ecc09c2d57"

timer-uid@^1.0.1:
  version "1.2.0"
  resolved "https://registry.yarnpkg.com/timer-uid/-/timer-uid-1.2.0.tgz#28b3c76046fe476cea028969ea55b10e45570c45"
